
Microsoft Visual Studio Solution File, Format Version 12.00
# Visual Studio Version 17
VisualStudioVersion = 17.3.32811.315
MinimumVisualStudioVersion = 10.0.40219.1
Project("{FAE04EC0-301F-11D3-BF4B-00C04F79EFBC}") = "KalkulackaIPadres2", "KalkulackaIPadres2.csproj", "{9F6F9F92-A5E9-4036-873D-A976D9EC955D}"
EndProject
Global
	GlobalSection(SolutionConfigurationPlatforms) = preSolution
		Debug|Any CPU = Debug|Any CPU
		Release|Any CPU = Release|Any CPU
	EndGlobalSection
	GlobalSection(ProjectConfigurationPlatforms) = postSolution
		{9F6F9F92-A5E9-4036-873D-A976D9EC955D}.Debug|Any CPU.ActiveCfg = Debug|Any CPU
		{9F6F9F92-A5E9-4036-873D-A976D9EC955D}.Debug|Any CPU.Build.0 = Debug|Any CPU
		{9F6F9F92-A5E9-4036-873D-A976D9EC955D}.Release|Any CPU.ActiveCfg = Release|Any CPU
		{9F6F9F92-A5E9-4036-873D-A976D9EC955D}.Release|Any CPU.Build.0 = Release|Any CPU
	EndGlobalSection
	GlobalSection(SolutionProperties) = preSolution
		HideSolutionNode = FALSE
	EndGlobalSection
	GlobalSection(ExtensibilityGlobals) = postSolution
		SolutionGuid = {6315221A-FC5C-4950-9F7F-6EA1CA4045D4}
	EndGlobalSection
EndGlobal
